
Microsoft Visual Studio Solution File, Format Version 12.00
# Visual Studio Version 16
VisualStudioVersion = 16.0.29926.136
MinimumVisualStudioVersion = 10.0.40219.1
Project("{FAE04EC0-301F-11D3-BF4B-00C04F79EFBC}") = "Presentacion", "Presentacion\Presentacion.csproj", "{C8848C6A-20D1-43AA-9EF6-01E38A1F31F7}"
EndProject
Project("{FAE04EC0-301F-11D3-BF4B-00C04F79EFBC}") = "Domain", "Domain\Domain.csproj", "{B61B413B-C945-488D-9628-80E50DCA877C}"
EndProject
Project("{FAE04EC0-301F-11D3-BF4B-00C04F79EFBC}") = "DataAccess", "DataAccess\DataAccess.csproj", "{79E888C1-2D25-4A44-BC59-433038E503FE}"
EndProject
Project("{FAE04EC0-301F-11D3-BF4B-00C04F79EFBC}") = "Comun", "Comun\Comun.csproj", "{B54BFBF6-C95C-4CF7-B20A-81700BA40BAD}"
EndProject
Global
	GlobalSection(SolutionConfigurationPlatforms) = preSolution
		Debug|Any CPU = Debug|Any CPU
		Release|Any CPU = Release|Any CPU
	EndGlobalSection
	GlobalSection(ProjectConfigurationPlatforms) = postSolution
		{C8848C6A-20D1-43AA-9EF6-01E38A1F31F7}.Debug|Any CPU.ActiveCfg = Debug|Any CPU
		{C8848C6A-20D1-43AA-9EF6-01E38A1F31F7}.Debug|Any CPU.Build.0 = Debug|Any CPU
		{C8848C6A-20D1-43AA-9EF6-01E38A1F31F7}.Release|Any CPU.ActiveCfg = Release|Any CPU
		{C8848C6A-20D1-43AA-9EF6-01E38A1F31F7}.Release|Any CPU.Build.0 = Release|Any CPU
		{B61B413B-C945-488D-9628-80E50DCA877C}.Debug|Any CPU.ActiveCfg = Debug|Any CPU
		{B61B413B-C945-488D-9628-80E50DCA877C}.Debug|Any CPU.Build.0 = Debug|Any CPU
		{B61B413B-C945-488D-9628-80E50DCA877C}.Release|Any CPU.ActiveCfg = Release|Any CPU
		{B61B413B-C945-488D-9628-80E50DCA877C}.Release|Any CPU.Build.0 = Release|Any CPU
		{79E888C1-2D25-4A44-BC59-433038E503FE}.Debug|Any CPU.ActiveCfg = Debug|Any CPU
		{79E888C1-2D25-4A44-BC59-433038E503FE}.Debug|Any CPU.Build.0 = Debug|Any CPU
		{79E888C1-2D25-4A44-BC59-433038E503FE}.Release|Any CPU.ActiveCfg = Release|Any CPU
		{79E888C1-2D25-4A44-BC59-433038E503FE}.Release|Any CPU.Build.0 = Release|Any CPU
		{B54BFBF6-C95C-4CF7-B20A-81700BA40BAD}.Debug|Any CPU.ActiveCfg = Debug|Any CPU
		{B54BFBF6-C95C-4CF7-B20A-81700BA40BAD}.Debug|Any CPU.Build.0 = Debug|Any CPU
		{B54BFBF6-C95C-4CF7-B20A-81700BA40BAD}.Release|Any CPU.ActiveCfg = Release|Any CPU
		{B54BFBF6-C95C-4CF7-B20A-81700BA40BAD}.Release|Any CPU.Build.0 = Release|Any CPU
	EndGlobalSection
	GlobalSection(SolutionProperties) = preSolution
		HideSolutionNode = FALSE
	EndGlobalSection
	GlobalSection(ExtensibilityGlobals) = postSolution
		SolutionGuid = {49BA20F1-8D30-4907-B512-4B7D32EF5EFE}
	EndGlobalSection
EndGlobal
